
Microsoft Visual Studio Solution File, Format Version 12.00
# Visual Studio Version 16
VisualStudioVersion = 16.0.31613.86
MinimumVisualStudioVersion = 10.0.40219.1
Project("{FAE04EC0-301F-11D3-BF4B-00C04F79EFBC}") = "AdminGroceryStoreNumberOne", "AdminGroceryStoreNumberOne\AdminGroceryStoreNumberOne.csproj", "{AF362966-0400-4FD2-8A48-12DAC5B61F33}"
EndProject
Project("{FAE04EC0-301F-11D3-BF4B-00C04F79EFBC}") = "BusinessLogic", "BusinessLogic\BusinessLogic.csproj", "{B627F09B-B73D-4052-A581-9DF58A2BFF0D}"
EndProject
Global
	GlobalSection(SolutionConfigurationPlatforms) = preSolution
		Debug|Any CPU = Debug|Any CPU
		Release|Any CPU = Release|Any CPU
	EndGlobalSection
	GlobalSection(ProjectConfigurationPlatforms) = postSolution
		{AF362966-0400-4FD2-8A48-12DAC5B61F33}.Debug|Any CPU.ActiveCfg = Debug|Any CPU
		{AF362966-0400-4FD2-8A48-12DAC5B61F33}.Debug|Any CPU.Build.0 = Debug|Any CPU
		{AF362966-0400-4FD2-8A48-12DAC5B61F33}.Release|Any CPU.ActiveCfg = Release|Any CPU
		{AF362966-0400-4FD2-8A48-12DAC5B61F33}.Release|Any CPU.Build.0 = Release|Any CPU
		{B627F09B-B73D-4052-A581-9DF58A2BFF0D}.Debug|Any CPU.ActiveCfg = Debug|Any CPU
		{B627F09B-B73D-4052-A581-9DF58A2BFF0D}.Debug|Any CPU.Build.0 = Debug|Any CPU
		{B627F09B-B73D-4052-A581-9DF58A2BFF0D}.Release|Any CPU.ActiveCfg = Release|Any CPU
		{B627F09B-B73D-4052-A581-9DF58A2BFF0D}.Release|Any CPU.Build.0 = Release|Any CPU
	EndGlobalSection
	GlobalSection(SolutionProperties) = preSolution
		HideSolutionNode = FALSE
	EndGlobalSection
	GlobalSection(ExtensibilityGlobals) = postSolution
		SolutionGuid = {BB9F5558-DA37-4EDF-9DC4-8F2902E70D0D}
	EndGlobalSection
EndGlobal
